
Microsoft Visual Studio Solution File, Format Version 12.00
# Visual Studio Version 17
VisualStudioVersion = 17.11.35208.52
MinimumVisualStudioVersion = 10.0.40219.1
Project("{9A19103F-16F7-4668-BE54-9A1E7A4F7556}") = "MedicalOffice", "MedicalOffice\MedicalOffice.csproj", "{8836EFF5-B4CB-4139-843C-8DC8A4A87949}"
EndProject
Project("{2150E333-8FDC-42A3-9474-1A3956D46DE8}") = "Solution Items", "Solution Items", "{2A7047D8-1756-4523-A57D-5887411096EF}"
	ProjectSection(SolutionItems) = preProject
		.editorconfig = .editorconfig
	EndProjectSection
EndProject
Global
	GlobalSection(SolutionConfigurationPlatforms) = preSolution
		Debug|Any CPU = Debug|Any CPU
		Release|Any CPU = Release|Any CPU
	EndGlobalSection
	GlobalSection(ProjectConfigurationPlatforms) = postSolution
		{8836EFF5-B4CB-4139-843C-8DC8A4A87949}.Debug|Any CPU.ActiveCfg = Debug|Any CPU
		{8836EFF5-B4CB-4139-843C-8DC8A4A87949}.Debug|Any CPU.Build.0 = Debug|Any CPU
		{8836EFF5-B4CB-4139-843C-8DC8A4A87949}.Release|Any CPU.ActiveCfg = Release|Any CPU
		{8836EFF5-B4CB-4139-843C-8DC8A4A87949}.Release|Any CPU.Build.0 = Release|Any CPU
	EndGlobalSection
	GlobalSection(SolutionProperties) = preSolution
		HideSolutionNode = FALSE
	EndGlobalSection
	GlobalSection(ExtensibilityGlobals) = postSolution
		SolutionGuid = {973B0624-0207-4C48-A47F-61943D640E26}
	EndGlobalSection
EndGlobal
